
Microsoft Visual Studio Solution File, Format Version 12.00
# Visual Studio Version 16
VisualStudioVersion = 16.0.30114.105
MinimumVisualStudioVersion = 10.0.40219.1
Project("{FAE04EC0-301F-11D3-BF4B-00C04F79EFBC}") = "DenaUnityAnalyzers.Extensions", "DenaUnityAnalyzers.Extensions\DenaUnityAnalyzers.Extensions.csproj", "{8F20E715-CBBD-4B60-910F-2D36B8C87DDC}"
EndProject
Project("{FAE04EC0-301F-11D3-BF4B-00C04F79EFBC}") = "MustAwaitAnalyzer", "MustAwaitAnalyzer\MustAwaitAnalyzer.csproj", "{3F31C732-5027-4636-A704-B2834D482031}"
EndProject
Project("{FAE04EC0-301F-11D3-BF4B-00C04F79EFBC}") = "MustAwaitAnalyzer.Test", "MustAwaitAnalyzer.Test\MustAwaitAnalyzer.Test.csproj", "{A5363C07-B996-45F9-9530-D0EE2842B4F2}"
EndProject
Global
	GlobalSection(SolutionConfigurationPlatforms) = preSolution
		Debug|Any CPU = Debug|Any CPU
		Debug|x64 = Debug|x64
		Debug|x86 = Debug|x86
		Release|Any CPU = Release|Any CPU
		Release|x64 = Release|x64
		Release|x86 = Release|x86
	EndGlobalSection
	GlobalSection(SolutionProperties) = preSolution
		HideSolutionNode = FALSE
	EndGlobalSection
	GlobalSection(ProjectConfigurationPlatforms) = postSolution
		{F1CB4F30-1A66-40CC-823A-B44068524FF5}.Debug|Any CPU.ActiveCfg = Debug|Any CPU
		{F1CB4F30-1A66-40CC-823A-B44068524FF5}.Debug|Any CPU.Build.0 = Debug|Any CPU
		{F1CB4F30-1A66-40CC-823A-B44068524FF5}.Debug|x64.ActiveCfg = Debug|Any CPU
		{F1CB4F30-1A66-40CC-823A-B44068524FF5}.Debug|x64.Build.0 = Debug|Any CPU
		{F1CB4F30-1A66-40CC-823A-B44068524FF5}.Debug|x86.ActiveCfg = Debug|Any CPU
		{F1CB4F30-1A66-40CC-823A-B44068524FF5}.Debug|x86.Build.0 = Debug|Any CPU
		{F1CB4F30-1A66-40CC-823A-B44068524FF5}.Release|Any CPU.ActiveCfg = Release|Any CPU
		{F1CB4F30-1A66-40CC-823A-B44068524FF5}.Release|Any CPU.Build.0 = Release|Any CPU
		{F1CB4F30-1A66-40CC-823A-B44068524FF5}.Release|x64.ActiveCfg = Release|Any CPU
		{F1CB4F30-1A66-40CC-823A-B44068524FF5}.Release|x64.Build.0 = Release|Any CPU
		{F1CB4F30-1A66-40CC-823A-B44068524FF5}.Release|x86.ActiveCfg = Release|Any CPU
		{F1CB4F30-1A66-40CC-823A-B44068524FF5}.Release|x86.Build.0 = Release|Any CPU
		{FE4FAA23-A24E-4377-8872-EF50403D0320}.Debug|Any CPU.ActiveCfg = Debug|Any CPU
		{FE4FAA23-A24E-4377-8872-EF50403D0320}.Debug|Any CPU.Build.0 = Debug|Any CPU
		{FE4FAA23-A24E-4377-8872-EF50403D0320}.Debug|x64.ActiveCfg = Debug|Any CPU
		{FE4FAA23-A24E-4377-8872-EF50403D0320}.Debug|x64.Build.0 = Debug|Any CPU
		{FE4FAA23-A24E-4377-8872-EF50403D0320}.Debug|x86.ActiveCfg = Debug|Any CPU
		{FE4FAA23-A24E-4377-8872-EF50403D0320}.Debug|x86.Build.0 = Debug|Any CPU
		{FE4FAA23-A24E-4377-8872-EF50403D0320}.Release|Any CPU.ActiveCfg = Release|Any CPU
		{FE4FAA23-A24E-4377-8872-EF50403D0320}.Release|Any CPU.Build.0 = Release|Any CPU
		{FE4FAA23-A24E-4377-8872-EF50403D0320}.Release|x64.ActiveCfg = Release|Any CPU
		{FE4FAA23-A24E-4377-8872-EF50403D0320}.Release|x64.Build.0 = Release|Any CPU
		{FE4FAA23-A24E-4377-8872-EF50403D0320}.Release|x86.ActiveCfg = Release|Any CPU
		{FE4FAA23-A24E-4377-8872-EF50403D0320}.Release|x86.Build.0 = Release|Any CPU
		{7C1B3C09-54BD-45D9-9139-336599E87D4D}.Debug|Any CPU.ActiveCfg = Debug|Any CPU
		{7C1B3C09-54BD-45D9-9139-336599E87D4D}.Debug|Any CPU.Build.0 = Debug|Any CPU
		{7C1B3C09-54BD-45D9-9139-336599E87D4D}.Debug|x64.ActiveCfg = Debug|Any CPU
		{7C1B3C09-54BD-45D9-9139-336599E87D4D}.Debug|x64.Build.0 = Debug|Any CPU
		{7C1B3C09-54BD-45D9-9139-336599E87D4D}.Debug|x86.ActiveCfg = Debug|Any CPU
		{7C1B3C09-54BD-45D9-9139-336599E87D4D}.Debug|x86.Build.0 = Debug|Any CPU
		{7C1B3C09-54BD-45D9-9139-336599E87D4D}.Release|Any CPU.ActiveCfg = Release|Any CPU
		{7C1B3C09-54BD-45D9-9139-336599E87D4D}.Release|Any CPU.Build.0 = Release|Any CPU
		{7C1B3C09-54BD-45D9-9139-336599E87D4D}.Release|x64.ActiveCfg = Release|Any CPU
		{7C1B3C09-54BD-45D9-9139-336599E87D4D}.Release|x64.Build.0 = Release|Any CPU
		{7C1B3C09-54BD-45D9-9139-336599E87D4D}.Release|x86.ActiveCfg = Release|Any CPU
		{7C1B3C09-54BD-45D9-9139-336599E87D4D}.Release|x86.Build.0 = Release|Any CPU
		{156958E6-6BED-4A05-8475-B06D5E116F82}.Debug|Any CPU.ActiveCfg = Debug|Any CPU
		{156958E6-6BED-4A05-8475-B06D5E116F82}.Debug|Any CPU.Build.0 = Debug|Any CPU
		{156958E6-6BED-4A05-8475-B06D5E116F82}.Debug|x64.ActiveCfg = Debug|Any CPU
		{156958E6-6BED-4A05-8475-B06D5E116F82}.Debug|x64.Build.0 = Debug|Any CPU
		{156958E6-6BED-4A05-8475-B06D5E116F82}.Debug|x86.ActiveCfg = Debug|Any CPU
		{156958E6-6BED-4A05-8475-B06D5E116F82}.Debug|x86.Build.0 = Debug|Any CPU
		{156958E6-6BED-4A05-8475-B06D5E116F82}.Release|Any CPU.ActiveCfg = Release|Any CPU
		{156958E6-6BED-4A05-8475-B06D5E116F82}.Release|Any CPU.Build.0 = Release|Any CPU
		{156958E6-6BED-4A05-8475-B06D5E116F82}.Release|x64.ActiveCfg = Release|Any CPU
		{156958E6-6BED-4A05-8475-B06D5E116F82}.Release|x64.Build.0 = Release|Any CPU
		{156958E6-6BED-4A05-8475-B06D5E116F82}.Release|x86.ActiveCfg = Release|Any CPU
		{156958E6-6BED-4A05-8475-B06D5E116F82}.Release|x86.Build.0 = Release|Any CPU
		{8F20E715-CBBD-4B60-910F-2D36B8C87DDC}.Debug|Any CPU.ActiveCfg = Debug|Any CPU
		{8F20E715-CBBD-4B60-910F-2D36B8C87DDC}.Debug|Any CPU.Build.0 = Debug|Any CPU
		{8F20E715-CBBD-4B60-910F-2D36B8C87DDC}.Debug|x64.ActiveCfg = Debug|Any CPU
		{8F20E715-CBBD-4B60-910F-2D36B8C87DDC}.Debug|x64.Build.0 = Debug|Any CPU
		{8F20E715-CBBD-4B60-910F-2D36B8C87DDC}.Debug|x86.ActiveCfg = Debug|Any CPU
		{8F20E715-CBBD-4B60-910F-2D36B8C87DDC}.Debug|x86.Build.0 = Debug|Any CPU
		{8F20E715-CBBD-4B60-910F-2D36B8C87DDC}.Release|Any CPU.ActiveCfg = Release|Any CPU
		{8F20E715-CBBD-4B60-910F-2D36B8C87DDC}.Release|Any CPU.Build.0 = Release|Any CPU
		{8F20E715-CBBD-4B60-910F-2D36B8C87DDC}.Release|x64.ActiveCfg = Release|Any CPU
		{8F20E715-CBBD-4B60-910F-2D36B8C87DDC}.Release|x64.Build.0 = Release|Any CPU
		{8F20E715-CBBD-4B60-910F-2D36B8C87DDC}.Release|x86.ActiveCfg = Release|Any CPU
		{8F20E715-CBBD-4B60-910F-2D36B8C87DDC}.Release|x86.Build.0 = Release|Any CPU
		{8623FD00-7579-4F97-9B48-09B2C1312960}.Debug|Any CPU.ActiveCfg = Debug|Any CPU
		{8623FD00-7579-4F97-9B48-09B2C1312960}.Debug|Any CPU.Build.0 = Debug|Any CPU
		{8623FD00-7579-4F97-9B48-09B2C1312960}.Debug|x64.ActiveCfg = Debug|Any CPU
		{8623FD00-7579-4F97-9B48-09B2C1312960}.Debug|x64.Build.0 = Debug|Any CPU
		{8623FD00-7579-4F97-9B48-09B2C1312960}.Debug|x86.ActiveCfg = Debug|Any CPU
		{8623FD00-7579-4F97-9B48-09B2C1312960}.Debug|x86.Build.0 = Debug|Any CPU
		{8623FD00-7579-4F97-9B48-09B2C1312960}.Release|Any CPU.ActiveCfg = Release|Any CPU
		{8623FD00-7579-4F97-9B48-09B2C1312960}.Release|Any CPU.Build.0 = Release|Any CPU
		{8623FD00-7579-4F97-9B48-09B2C1312960}.Release|x64.ActiveCfg = Release|Any CPU
		{8623FD00-7579-4F97-9B48-09B2C1312960}.Release|x64.Build.0 = Release|Any CPU
		{8623FD00-7579-4F97-9B48-09B2C1312960}.Release|x86.ActiveCfg = Release|Any CPU
		{8623FD00-7579-4F97-9B48-09B2C1312960}.Release|x86.Build.0 = Release|Any CPU
		{880AB076-EFD2-44AF-AF9F-3DDD6D62E008}.Debug|Any CPU.ActiveCfg = Debug|Any CPU
		{880AB076-EFD2-44AF-AF9F-3DDD6D62E008}.Debug|Any CPU.Build.0 = Debug|Any CPU
		{880AB076-EFD2-44AF-AF9F-3DDD6D62E008}.Debug|x64.ActiveCfg = Debug|Any CPU
		{880AB076-EFD2-44AF-AF9F-3DDD6D62E008}.Debug|x64.Build.0 = Debug|Any CPU
		{880AB076-EFD2-44AF-AF9F-3DDD6D62E008}.Debug|x86.ActiveCfg = Debug|Any CPU
		{880AB076-EFD2-44AF-AF9F-3DDD6D62E008}.Debug|x86.Build.0 = Debug|Any CPU
		{880AB076-EFD2-44AF-AF9F-3DDD6D62E008}.Release|Any CPU.ActiveCfg = Release|Any CPU
		{880AB076-EFD2-44AF-AF9F-3DDD6D62E008}.Release|Any CPU.Build.0 = Release|Any CPU
		{880AB076-EFD2-44AF-AF9F-3DDD6D62E008}.Release|x64.ActiveCfg = Release|Any CPU
		{880AB076-EFD2-44AF-AF9F-3DDD6D62E008}.Release|x64.Build.0 = Release|Any CPU
		{880AB076-EFD2-44AF-AF9F-3DDD6D62E008}.Release|x86.ActiveCfg = Release|Any CPU
		{880AB076-EFD2-44AF-AF9F-3DDD6D62E008}.Release|x86.Build.0 = Release|Any CPU
		{73FD5277-B7E2-4619-A231-56DB6949117B}.Debug|Any CPU.ActiveCfg = Debug|Any CPU
		{73FD5277-B7E2-4619-A231-56DB6949117B}.Debug|Any CPU.Build.0 = Debug|Any CPU
		{73FD5277-B7E2-4619-A231-56DB6949117B}.Debug|x64.ActiveCfg = Debug|Any CPU
		{73FD5277-B7E2-4619-A231-56DB6949117B}.Debug|x64.Build.0 = Debug|Any CPU
		{73FD5277-B7E2-4619-A231-56DB6949117B}.Debug|x86.ActiveCfg = Debug|Any CPU
		{73FD5277-B7E2-4619-A231-56DB6949117B}.Debug|x86.Build.0 = Debug|Any CPU
		{73FD5277-B7E2-4619-A231-56DB6949117B}.Release|Any CPU.ActiveCfg = Release|Any CPU
		{73FD5277-B7E2-4619-A231-56DB6949117B}.Release|Any CPU.Build.0 = Release|Any CPU
		{73FD5277-B7E2-4619-A231-56DB6949117B}.Release|x64.ActiveCfg = Release|Any CPU
		{73FD5277-B7E2-4619-A231-56DB6949117B}.Release|x64.Build.0 = Release|Any CPU
		{73FD5277-B7E2-4619-A231-56DB6949117B}.Release|x86.ActiveCfg = Release|Any CPU
		{73FD5277-B7E2-4619-A231-56DB6949117B}.Release|x86.Build.0 = Release|Any CPU
		{2AFA8BA5-0389-436A-80A4-87E4B69AF7B5}.Debug|Any CPU.ActiveCfg = Debug|Any CPU
		{2AFA8BA5-0389-436A-80A4-87E4B69AF7B5}.Debug|Any CPU.Build.0 = Debug|Any CPU
		{2AFA8BA5-0389-436A-80A4-87E4B69AF7B5}.Debug|x64.ActiveCfg = Debug|Any CPU
		{2AFA8BA5-0389-436A-80A4-87E4B69AF7B5}.Debug|x64.Build.0 = Debug|Any CPU
		{2AFA8BA5-0389-436A-80A4-87E4B69AF7B5}.Debug|x86.ActiveCfg = Debug|Any CPU
		{2AFA8BA5-0389-436A-80A4-87E4B69AF7B5}.Debug|x86.Build.0 = Debug|Any CPU
		{2AFA8BA5-0389-436A-80A4-87E4B69AF7B5}.Release|Any CPU.ActiveCfg = Release|Any CPU
		{2AFA8BA5-0389-436A-80A4-87E4B69AF7B5}.Release|Any CPU.Build.0 = Release|Any CPU
		{2AFA8BA5-0389-436A-80A4-87E4B69AF7B5}.Release|x64.ActiveCfg = Release|Any CPU
		{2AFA8BA5-0389-436A-80A4-87E4B69AF7B5}.Release|x64.Build.0 = Release|Any CPU
		{2AFA8BA5-0389-436A-80A4-87E4B69AF7B5}.Release|x86.ActiveCfg = Release|Any CPU
		{2AFA8BA5-0389-436A-80A4-87E4B69AF7B5}.Release|x86.Build.0 = Release|Any CPU
		{D80CEC22-5492-4512-B39C-34DEE5390E36}.Debug|Any CPU.ActiveCfg = Debug|Any CPU
		{D80CEC22-5492-4512-B39C-34DEE5390E36}.Debug|Any CPU.Build.0 = Debug|Any CPU
		{D80CEC22-5492-4512-B39C-34DEE5390E36}.Debug|x64.ActiveCfg = Debug|Any CPU
		{D80CEC22-5492-4512-B39C-34DEE5390E36}.Debug|x64.Build.0 = Debug|Any CPU
		{D80CEC22-5492-4512-B39C-34DEE5390E36}.Debug|x86.ActiveCfg = Debug|Any CPU
		{D80CEC22-5492-4512-B39C-34DEE5390E36}.Debug|x86.Build.0 = Debug|Any CPU
		{D80CEC22-5492-4512-B39C-34DEE5390E36}.Release|Any CPU.ActiveCfg = Release|Any CPU
		{D80CEC22-5492-4512-B39C-34DEE5390E36}.Release|Any CPU.Build.0 = Release|Any CPU
		{D80CEC22-5492-4512-B39C-34DEE5390E36}.Release|x64.ActiveCfg = Release|Any CPU
		{D80CEC22-5492-4512-B39C-34DEE5390E36}.Release|x64.Build.0 = Release|Any CPU
		{D80CEC22-5492-4512-B39C-34DEE5390E36}.Release|x86.ActiveCfg = Release|Any CPU
		{D80CEC22-5492-4512-B39C-34DEE5390E36}.Release|x86.Build.0 = Release|Any CPU
		{5078AB3F-0AB3-4631-8115-B9D6291DBE3B}.Debug|Any CPU.ActiveCfg = Debug|Any CPU
		{5078AB3F-0AB3-4631-8115-B9D6291DBE3B}.Debug|Any CPU.Build.0 = Debug|Any CPU
		{5078AB3F-0AB3-4631-8115-B9D6291DBE3B}.Debug|x64.ActiveCfg = Debug|Any CPU
		{5078AB3F-0AB3-4631-8115-B9D6291DBE3B}.Debug|x64.Build.0 = Debug|Any CPU
		{5078AB3F-0AB3-4631-8115-B9D6291DBE3B}.Debug|x86.ActiveCfg = Debug|Any CPU
		{5078AB3F-0AB3-4631-8115-B9D6291DBE3B}.Debug|x86.Build.0 = Debug|Any CPU
		{5078AB3F-0AB3-4631-8115-B9D6291DBE3B}.Release|Any CPU.ActiveCfg = Release|Any CPU
		{5078AB3F-0AB3-4631-8115-B9D6291DBE3B}.Release|Any CPU.Build.0 = Release|Any CPU
		{5078AB3F-0AB3-4631-8115-B9D6291DBE3B}.Release|x64.ActiveCfg = Release|Any CPU
		{5078AB3F-0AB3-4631-8115-B9D6291DBE3B}.Release|x64.Build.0 = Release|Any CPU
		{5078AB3F-0AB3-4631-8115-B9D6291DBE3B}.Release|x86.ActiveCfg = Release|Any CPU
		{5078AB3F-0AB3-4631-8115-B9D6291DBE3B}.Release|x86.Build.0 = Release|Any CPU
		{DA9C7B30-3453-4295-AA10-F341F2923B2F}.Debug|Any CPU.ActiveCfg = Debug|Any CPU
		{DA9C7B30-3453-4295-AA10-F341F2923B2F}.Debug|Any CPU.Build.0 = Debug|Any CPU
		{DA9C7B30-3453-4295-AA10-F341F2923B2F}.Debug|x64.ActiveCfg = Debug|Any CPU
		{DA9C7B30-3453-4295-AA10-F341F2923B2F}.Debug|x64.Build.0 = Debug|Any CPU
		{DA9C7B30-3453-4295-AA10-F341F2923B2F}.Debug|x86.ActiveCfg = Debug|Any CPU
		{DA9C7B30-3453-4295-AA10-F341F2923B2F}.Debug|x86.Build.0 = Debug|Any CPU
		{DA9C7B30-3453-4295-AA10-F341F2923B2F}.Release|Any CPU.ActiveCfg = Release|Any CPU
		{DA9C7B30-3453-4295-AA10-F341F2923B2F}.Release|Any CPU.Build.0 = Release|Any CPU
		{DA9C7B30-3453-4295-AA10-F341F2923B2F}.Release|x64.ActiveCfg = Release|Any CPU
		{DA9C7B30-3453-4295-AA10-F341F2923B2F}.Release|x64.Build.0 = Release|Any CPU
		{DA9C7B30-3453-4295-AA10-F341F2923B2F}.Release|x86.ActiveCfg = Release|Any CPU
		{DA9C7B30-3453-4295-AA10-F341F2923B2F}.Release|x86.Build.0 = Release|Any CPU
		{5EF0A14B-0EA5-4FDE-B127-6FACAF75FFA2}.Debug|Any CPU.ActiveCfg = Debug|Any CPU
		{5EF0A14B-0EA5-4FDE-B127-6FACAF75FFA2}.Debug|Any CPU.Build.0 = Debug|Any CPU
		{5EF0A14B-0EA5-4FDE-B127-6FACAF75FFA2}.Debug|x64.ActiveCfg = Debug|Any CPU
		{5EF0A14B-0EA5-4FDE-B127-6FACAF75FFA2}.Debug|x64.Build.0 = Debug|Any CPU
		{5EF0A14B-0EA5-4FDE-B127-6FACAF75FFA2}.Debug|x86.ActiveCfg = Debug|Any CPU
		{5EF0A14B-0EA5-4FDE-B127-6FACAF75FFA2}.Debug|x86.Build.0 = Debug|Any CPU
		{5EF0A14B-0EA5-4FDE-B127-6FACAF75FFA2}.Release|Any CPU.ActiveCfg = Release|Any CPU
		{5EF0A14B-0EA5-4FDE-B127-6FACAF75FFA2}.Release|Any CPU.Build.0 = Release|Any CPU
		{5EF0A14B-0EA5-4FDE-B127-6FACAF75FFA2}.Release|x64.ActiveCfg = Release|Any CPU
		{5EF0A14B-0EA5-4FDE-B127-6FACAF75FFA2}.Release|x64.Build.0 = Release|Any CPU
		{5EF0A14B-0EA5-4FDE-B127-6FACAF75FFA2}.Release|x86.ActiveCfg = Release|Any CPU
		{5EF0A14B-0EA5-4FDE-B127-6FACAF75FFA2}.Release|x86.Build.0 = Release|Any CPU
		{3F31C732-5027-4636-A704-B2834D482031}.Debug|Any CPU.ActiveCfg = Debug|Any CPU
		{3F31C732-5027-4636-A704-B2834D482031}.Debug|Any CPU.Build.0 = Debug|Any CPU
		{3F31C732-5027-4636-A704-B2834D482031}.Debug|x64.ActiveCfg = Debug|Any CPU
		{3F31C732-5027-4636-A704-B2834D482031}.Debug|x64.Build.0 = Debug|Any CPU
		{3F31C732-5027-4636-A704-B2834D482031}.Debug|x86.ActiveCfg = Debug|Any CPU
		{3F31C732-5027-4636-A704-B2834D482031}.Debug|x86.Build.0 = Debug|Any CPU
		{3F31C732-5027-4636-A704-B2834D482031}.Release|Any CPU.ActiveCfg = Release|Any CPU
		{3F31C732-5027-4636-A704-B2834D482031}.Release|Any CPU.Build.0 = Release|Any CPU
		{3F31C732-5027-4636-A704-B2834D482031}.Release|x64.ActiveCfg = Release|Any CPU
		{3F31C732-5027-4636-A704-B2834D482031}.Release|x64.Build.0 = Release|Any CPU
		{3F31C732-5027-4636-A704-B2834D482031}.Release|x86.ActiveCfg = Release|Any CPU
		{3F31C732-5027-4636-A704-B2834D482031}.Release|x86.Build.0 = Release|Any CPU
		{9344A8F3-8F3A-4732-A373-777AF9B280B9}.Debug|Any CPU.ActiveCfg = Debug|Any CPU
		{9344A8F3-8F3A-4732-A373-777AF9B280B9}.Debug|Any CPU.Build.0 = Debug|Any CPU
		{9344A8F3-8F3A-4732-A373-777AF9B280B9}.Debug|x64.ActiveCfg = Debug|Any CPU
		{9344A8F3-8F3A-4732-A373-777AF9B280B9}.Debug|x64.Build.0 = Debug|Any CPU
		{9344A8F3-8F3A-4732-A373-777AF9B280B9}.Debug|x86.ActiveCfg = Debug|Any CPU
		{9344A8F3-8F3A-4732-A373-777AF9B280B9}.Debug|x86.Build.0 = Debug|Any CPU
		{9344A8F3-8F3A-4732-A373-777AF9B280B9}.Release|Any CPU.ActiveCfg = Release|Any CPU
		{9344A8F3-8F3A-4732-A373-777AF9B280B9}.Release|Any CPU.Build.0 = Release|Any CPU
		{9344A8F3-8F3A-4732-A373-777AF9B280B9}.Release|x64.ActiveCfg = Release|Any CPU
		{9344A8F3-8F3A-4732-A373-777AF9B280B9}.Release|x64.Build.0 = Release|Any CPU
		{9344A8F3-8F3A-4732-A373-777AF9B280B9}.Release|x86.ActiveCfg = Release|Any CPU
		{9344A8F3-8F3A-4732-A373-777AF9B280B9}.Release|x86.Build.0 = Release|Any CPU
		{A5363C07-B996-45F9-9530-D0EE2842B4F2}.Debug|Any CPU.ActiveCfg = Debug|Any CPU
		{A5363C07-B996-45F9-9530-D0EE2842B4F2}.Debug|Any CPU.Build.0 = Debug|Any CPU
		{A5363C07-B996-45F9-9530-D0EE2842B4F2}.Debug|x64.ActiveCfg = Debug|Any CPU
		{A5363C07-B996-45F9-9530-D0EE2842B4F2}.Debug|x64.Build.0 = Debug|Any CPU
		{A5363C07-B996-45F9-9530-D0EE2842B4F2}.Debug|x86.ActiveCfg = Debug|Any CPU
		{A5363C07-B996-45F9-9530-D0EE2842B4F2}.Debug|x86.Build.0 = Debug|Any CPU
		{A5363C07-B996-45F9-9530-D0EE2842B4F2}.Release|Any CPU.ActiveCfg = Release|Any CPU
		{A5363C07-B996-45F9-9530-D0EE2842B4F2}.Release|Any CPU.Build.0 = Release|Any CPU
		{A5363C07-B996-45F9-9530-D0EE2842B4F2}.Release|x64.ActiveCfg = Release|Any CPU
		{A5363C07-B996-45F9-9530-D0EE2842B4F2}.Release|x64.Build.0 = Release|Any CPU
		{A5363C07-B996-45F9-9530-D0EE2842B4F2}.Release|x86.ActiveCfg = Release|Any CPU
		{A5363C07-B996-45F9-9530-D0EE2842B4F2}.Release|x86.Build.0 = Release|Any CPU
	EndGlobalSection
EndGlobal
